
Microsoft Visual Studio Solution File, Format Version 12.00
# Visual Studio Version 17
VisualStudioVersion = 17.14.36203.30 d17.14
MinimumVisualStudioVersion = 10.0.40219.1
Project("{FAE04EC0-301F-11D3-BF4B-00C04F79EFBC}") = "IntroductionToDotNet", "IntroductionToDotNet\IntroductionToDotNet.csproj", "{C9F2BA2F-C745-46EB-94F1-7A6EB60B0633}"
EndProject
Global
	GlobalSection(SolutionConfigurationPlatforms) = preSolution
		Debug|Any CPU = Debug|Any CPU
		Release|Any CPU = Release|Any CPU
	EndGlobalSection
	GlobalSection(ProjectConfigurationPlatforms) = postSolution
		{C9F2BA2F-C745-46EB-94F1-7A6EB60B0633}.Debug|Any CPU.ActiveCfg = Debug|Any CPU
		{C9F2BA2F-C745-46EB-94F1-7A6EB60B0633}.Debug|Any CPU.Build.0 = Debug|Any CPU
		{C9F2BA2F-C745-46EB-94F1-7A6EB60B0633}.Release|Any CPU.ActiveCfg = Release|Any CPU
		{C9F2BA2F-C745-46EB-94F1-7A6EB60B0633}.Release|Any CPU.Build.0 = Release|Any CPU
	EndGlobalSection
	GlobalSection(SolutionProperties) = preSolution
		HideSolutionNode = FALSE
	EndGlobalSection
	GlobalSection(ExtensibilityGlobals) = postSolution
		SolutionGuid = {5E6F38C5-8FC6-42D1-929F-25CA39690D9A}
	EndGlobalSection
EndGlobal
